Microsoft Visual Studio Solution File, Format Version 12.00
# Visual Studio 15
VisualStudioVersion = 15.0.26430.14
MinimumVisualStudioVersion = 15.0.26124.0
Project("{2150E333-8FDC-42A3-9474-1A3956D46DE8}") = "UserManager", "UserManager", "{CA41373C-EA8A-4FB7-A771-6265D8DE4042}"
EndProject
Project("{9A19103F-16F7-4668-BE54-9A1E7A4F7556}") = "UserManager", "UserManager\UserManager\UserManager.csproj", "{9212EA92-6D71-459C-B3E7-28251555B309}"
EndProject
Project("{2150E333-8FDC-42A3-9474-1A3956D46DE8}") = "UserManagerConsole", "UserManagerConsole", "{0AEAA987-8A3D-4066-828C-278B47CD2BB2}"
EndProject
Project("{9A19103F-16F7-4668-BE54-9A1E7A4F7556}") = "UserManagerConsole", "UserManagerConsole\UserManagerConsole\UserManagerConsole.csproj", "{92AFC2BA-0787-49BE-8BF3-1FFFF2C52367}"
EndProject
Global
	GlobalSection(SolutionConfigurationPlatforms) = preSolution
		Debug|Any CPU = Debug|Any CPU
		Debug|x64 = Debug|x64
		Debug|x86 = Debug|x86
		Release|Any CPU = Release|Any CPU
		Release|x64 = Release|x64
		Release|x86 = Release|x86
	EndGlobalSection
	GlobalSection(ProjectConfigurationPlatforms) = postSolution
		{9212EA92-6D71-459C-B3E7-28251555B309}.Debug|Any CPU.ActiveCfg = Debug|Any CPU
		{9212EA92-6D71-459C-B3E7-28251555B309}.Debug|Any CPU.Build.0 = Debug|Any CPU
		{9212EA92-6D71-459C-B3E7-28251555B309}.Debug|x64.ActiveCfg = Debug|Any CPU
		{9212EA92-6D71-459C-B3E7-28251555B309}.Debug|x64.Build.0 = Debug|Any CPU
		{9212EA92-6D71-459C-B3E7-28251555B309}.Debug|x86.ActiveCfg = Debug|Any CPU
		{9212EA92-6D71-459C-B3E7-28251555B309}.Debug|x86.Build.0 = Debug|Any CPU
		{9212EA92-6D71-459C-B3E7-28251555B309}.Release|Any CPU.ActiveCfg = Release|Any CPU
		{9212EA92-6D71-459C-B3E7-28251555B309}.Release|Any CPU.Build.0 = Release|Any CPU
		{9212EA92-6D71-459C-B3E7-28251555B309}.Release|x64.ActiveCfg = Release|Any CPU
		{9212EA92-6D71-459C-B3E7-28251555B309}.Release|x64.Build.0 = Release|Any CPU
		{9212EA92-6D71-459C-B3E7-28251555B309}.Release|x86.ActiveCfg = Release|Any CPU
		{9212EA92-6D71-459C-B3E7-28251555B309}.Release|x86.Build.0 = Release|Any CPU
		{92AFC2BA-0787-49BE-8BF3-1FFFF2C52367}.Debug|Any CPU.ActiveCfg = Debug|Any CPU
		{92AFC2BA-0787-49BE-8BF3-1FFFF2C52367}.Debug|Any CPU.Build.0 = Debug|Any CPU
		{92AFC2BA-0787-49BE-8BF3-1FFFF2C52367}.Debug|x64.ActiveCfg = Debug|Any CPU
		{92AFC2BA-0787-49BE-8BF3-1FFFF2C52367}.Debug|x64.Build.0 = Debug|Any CPU
		{92AFC2BA-0787-49BE-8BF3-1FFFF2C52367}.Debug|x86.ActiveCfg = Debug|Any CPU
		{92AFC2BA-0787-49BE-8BF3-1FFFF2C52367}.Debug|x86.Build.0 = Debug|Any CPU
		{92AFC2BA-0787-49BE-8BF3-1FFFF2C52367}.Release|Any CPU.ActiveCfg = Release|Any CPU
		{92AFC2BA-0787-49BE-8BF3-1FFFF2C52367}.Release|Any CPU.Build.0 = Release|Any CPU
		{92AFC2BA-0787-49BE-8BF3-1FFFF2C52367}.Release|x64.ActiveCfg = Release|Any CPU
		{92AFC2BA-0787-49BE-8BF3-1FFFF2C52367}.Release|x64.Build.0 = Release|Any CPU
		{92AFC2BA-0787-49BE-8BF3-1FFFF2C52367}.Release|x86.ActiveCfg = Release|Any CPU
		{92AFC2BA-0787-49BE-8BF3-1FFFF2C52367}.Release|x86.Build.0 = Release|Any CPU
	EndGlobalSection
	GlobalSection(SolutionProperties) = preSolution
		HideSolutionNode = FALSE
	EndGlobalSection
	GlobalSection(NestedProjects) = preSolution
		{9212EA92-6D71-459C-B3E7-28251555B309} = {CA41373C-EA8A-4FB7-A771-6265D8DE4042}
		{92AFC2BA-0787-49BE-8BF3-1FFFF2C52367} = {0AEAA987-8A3D-4066-828C-278B47CD2BB2}
	EndGlobalSection
EndGlobal
